
Microsoft Visual Studio Solution File, Format Version 12.00
# Visual Studio 15
VisualStudioVersion = 15.0.28010.2046
MinimumVisualStudioVersion = 10.0.40219.1
Project("{FAE04EC0-301F-11D3-BF4B-00C04F79EFBC}") = "Rover.Api", "Rover.Api\Rover.Api.csproj", "{6ADAE8FC-F6F8-4119-B71A-E3DDE731D248}"
EndProject
Project("{FAE04EC0-301F-11D3-BF4B-00C04F79EFBC}") = "Rover.Api.Tests", "Rover.Api.Tests\Rover.Api.Tests.csproj", "{13414CC0-0FE8-478B-A256-A6CBA40165DB}"
EndProject
Project("{2150E333-8FDC-42A3-9474-1A3956D46DE8}") = "Solution Items", "Solution Items", "{1238155A-CE24-473D-AD5D-FA65970DCE58}"
	ProjectSection(SolutionItems) = preProject
		readme.md = readme.md
	EndProjectSection
EndProject
Global
	GlobalSection(SolutionConfigurationPlatforms) = preSolution
		Debug|Any CPU = Debug|Any CPU
		Release|Any CPU = Release|Any CPU
	EndGlobalSection
	GlobalSection(ProjectConfigurationPlatforms) = postSolution
		{6ADAE8FC-F6F8-4119-B71A-E3DDE731D248}.Debug|Any CPU.ActiveCfg = Debug|Any CPU
		{6ADAE8FC-F6F8-4119-B71A-E3DDE731D248}.Debug|Any CPU.Build.0 = Debug|Any CPU
		{6ADAE8FC-F6F8-4119-B71A-E3DDE731D248}.Release|Any CPU.ActiveCfg = Release|Any CPU
		{6ADAE8FC-F6F8-4119-B71A-E3DDE731D248}.Release|Any CPU.Build.0 = Release|Any CPU
		{13414CC0-0FE8-478B-A256-A6CBA40165DB}.Debug|Any CPU.ActiveCfg = Debug|Any CPU
		{13414CC0-0FE8-478B-A256-A6CBA40165DB}.Debug|Any CPU.Build.0 = Debug|Any CPU
		{13414CC0-0FE8-478B-A256-A6CBA40165DB}.Release|Any CPU.ActiveCfg = Release|Any CPU
		{13414CC0-0FE8-478B-A256-A6CBA40165DB}.Release|Any CPU.Build.0 = Release|Any CPU
	EndGlobalSection
	GlobalSection(SolutionProperties) = preSolution
		HideSolutionNode = FALSE
	EndGlobalSection
	GlobalSection(ExtensibilityGlobals) = postSolution
		SolutionGuid = {FABEAC32-D1BD-41DA-A371-EAD99B267E3A}
	EndGlobalSection
EndGlobal
